
Microsoft Visual Studio Solution File, Format Version 12.00
# Visual Studio 2013
VisualStudioVersion = 12.0.21005.1
MinimumVisualStudioVersion = 10.0.40219.1
Project("{FAE04EC0-301F-11D3-BF4B-00C04F79EFBC}") = "SkemaSystem", "SkemaSystem\SkemaSystem.csproj", "{A030965F-E148-47AF-8C7E-58F785352DCB}"
EndProject
Project("{FAE04EC0-301F-11D3-BF4B-00C04F79EFBC}") = "SkemaSystem.Tests", "SkemaSystem.Tests\SkemaSystem.Tests.csproj", "{9D8C9590-563B-4B47-8AD6-A52AC6E7871F}"
EndProject
Global
	GlobalSection(SolutionConfigurationPlatforms) = preSolution
		Debug|Any CPU = Debug|Any CPU
		Release|Any CPU = Release|Any CPU
	EndGlobalSection
	GlobalSection(ProjectConfigurationPlatforms) = postSolution
		{A030965F-E148-47AF-8C7E-58F785352DCB}.Debug|Any CPU.ActiveCfg = Debug|Any CPU
		{A030965F-E148-47AF-8C7E-58F785352DCB}.Debug|Any CPU.Build.0 = Debug|Any CPU
		{A030965F-E148-47AF-8C7E-58F785352DCB}.Release|Any CPU.ActiveCfg = Release|Any CPU
		{A030965F-E148-47AF-8C7E-58F785352DCB}.Release|Any CPU.Build.0 = Release|Any CPU
		{9D8C9590-563B-4B47-8AD6-A52AC6E7871F}.Debug|Any CPU.ActiveCfg = Debug|Any CPU
		{9D8C9590-563B-4B47-8AD6-A52AC6E7871F}.Debug|Any CPU.Build.0 = Debug|Any CPU
		{9D8C9590-563B-4B47-8AD6-A52AC6E7871F}.Release|Any CPU.ActiveCfg = Release|Any CPU
		{9D8C9590-563B-4B47-8AD6-A52AC6E7871F}.Release|Any CPU.Build.0 = Release|Any CPU
	EndGlobalSection
	GlobalSection(SolutionProperties) = preSolution
		HideSolutionNode = FALSE
	EndGlobalSection
EndGlobal
